
Microsoft Visual Studio Solution File, Format Version 12.00
# Visual Studio 15
VisualStudioVersion = 15.0.28010.2016
MinimumVisualStudioVersion = 10.0.40219.1
Project("{FAE04EC0-301F-11D3-BF4B-00C04F79EFBC}") = "ShieldWeb", "ShieldWeb\ShieldWeb.csproj", "{6D71EFF5-E5ED-4177-B429-48B819CBFC68}"
EndProject
Global
	GlobalSection(SolutionConfigurationPlatforms) = preSolution
		Debug|Any CPU = Debug|Any CPU
		Release|Any CPU = Release|Any CPU
	EndGlobalSection
	GlobalSection(ProjectConfigurationPlatforms) = postSolution
		{6D71EFF5-E5ED-4177-B429-48B819CBFC68}.Debug|Any CPU.ActiveCfg = Debug|Any CPU
		{6D71EFF5-E5ED-4177-B429-48B819CBFC68}.Debug|Any CPU.Build.0 = Debug|Any CPU
		{6D71EFF5-E5ED-4177-B429-48B819CBFC68}.Release|Any CPU.ActiveCfg = Release|Any CPU
		{6D71EFF5-E5ED-4177-B429-48B819CBFC68}.Release|Any CPU.Build.0 = Release|Any CPU
	EndGlobalSection
	GlobalSection(SolutionProperties) = preSolution
		HideSolutionNode = FALSE
	EndGlobalSection
	GlobalSection(ExtensibilityGlobals) = postSolution
		SolutionGuid = {A652175E-8306-4543-A98D-06F9A5FE82BF}
	EndGlobalSection
EndGlobal
